
Microsoft Visual Studio Solution File, Format Version 12.00
# Visual Studio 15
VisualStudioVersion = 15.0.28307.106
MinimumVisualStudioVersion = 10.0.40219.1
Project("{8BC9CEB8-8B4A-11D0-8D11-00A0C91BC942}") = "Bootstrap", "bootstrap\Bootstrap.vcxproj", "{AF59BB0B-E059-4773-83DC-728A949647DA}"
EndProject
Project("{8BC9CEB8-8B4A-11D0-8D11-00A0C91BC942}") = "BinaryTree", "BinaryTree\BinaryTree.vcxproj", "{DEA49362-B428-4215-8D64-4EA0B4FF0858}"
EndProject
Project("{8BC9CEB8-8B4A-11D0-8D11-00A0C91BC942}") = "DynamicArray", "DynamicArray\DynamicArray.vcxproj", "{6781C60B-7A66-4CCD-8349-5CA79FD84FB8}"
EndProject
Project("{8BC9CEB8-8B4A-11D0-8D11-00A0C91BC942}") = "LinkedList", "LinkedList\LinkedList.vcxproj", "{17B8C90C-58A2-4FA7-95DC-70C154FAC5DB}"
EndProject
Project("{8BC9CEB8-8B4A-11D0-8D11-00A0C91BC942}") = "MemoryGame", "MemoryGame\MemoryGame.vcxproj", "{1E0404BD-1403-4124-95FF-5EE77EF29576}"
EndProject
Project("{8BC9CEB8-8B4A-11D0-8D11-00A0C91BC942}") = "Hashing", "Hashing\Hashing.vcxproj", "{9616645A-9470-42BA-9076-2F029CEB96B5}"
EndProject
Project("{8BC9CEB8-8B4A-11D0-8D11-00A0C91BC942}") = "Queue", "Queue\Queue.vcxproj", "{8C8C5EB0-B2E6-4DE9-BD0A-172CBBA9EAED}"
EndProject
Project("{8BC9CEB8-8B4A-11D0-8D11-00A0C91BC942}") = "Stack", "Stack\Stack.vcxproj", "{32FF2DD5-1FA6-408C-87FD-D7C2E5CD8FAE}"
EndProject
Project("{2150E333-8FDC-42A3-9474-1A3956D46DE8}") = "Data Structures", "Data Structures", "{EA8035D8-0564-487B-9568-FBFE9B87BF75}"
EndProject
Project("{8BC9CEB8-8B4A-11D0-8D11-00A0C91BC942}") = "Deque", "Deque\Deque.vcxproj", "{0D8B5440-ED3C-4E50-A4F3-3BD7B6347926}"
EndProject
Global
	GlobalSection(SolutionConfigurationPlatforms) = preSolution
		Debug|x64 = Debug|x64
		Debug|x86 = Debug|x86
		Release|x64 = Release|x64
		Release|x86 = Release|x86
	EndGlobalSection
	GlobalSection(ProjectConfigurationPlatforms) = postSolution
		{AF59BB0B-E059-4773-83DC-728A949647DA}.Debug|x64.ActiveCfg = Debug|x64
		{AF59BB0B-E059-4773-83DC-728A949647DA}.Debug|x64.Build.0 = Debug|x64
		{AF59BB0B-E059-4773-83DC-728A949647DA}.Debug|x86.ActiveCfg = Debug|Win32
		{AF59BB0B-E059-4773-83DC-728A949647DA}.Debug|x86.Build.0 = Debug|Win32
		{AF59BB0B-E059-4773-83DC-728A949647DA}.Release|x64.ActiveCfg = Release|x64
		{AF59BB0B-E059-4773-83DC-728A949647DA}.Release|x64.Build.0 = Release|x64
		{AF59BB0B-E059-4773-83DC-728A949647DA}.Release|x86.ActiveCfg = Release|Win32
		{AF59BB0B-E059-4773-83DC-728A949647DA}.Release|x86.Build.0 = Release|Win32
		{DEA49362-B428-4215-8D64-4EA0B4FF0858}.Debug|x64.ActiveCfg = Debug|x64
		{DEA49362-B428-4215-8D64-4EA0B4FF0858}.Debug|x64.Build.0 = Debug|x64
		{DEA49362-B428-4215-8D64-4EA0B4FF0858}.Debug|x86.ActiveCfg = Debug|Win32
		{DEA49362-B428-4215-8D64-4EA0B4FF0858}.Debug|x86.Build.0 = Debug|Win32
		{DEA49362-B428-4215-8D64-4EA0B4FF0858}.Release|x64.ActiveCfg = Release|x64
		{DEA49362-B428-4215-8D64-4EA0B4FF0858}.Release|x64.Build.0 = Release|x64
		{DEA49362-B428-4215-8D64-4EA0B4FF0858}.Release|x86.ActiveCfg = Release|Win32
		{DEA49362-B428-4215-8D64-4EA0B4FF0858}.Release|x86.Build.0 = Release|Win32
		{6781C60B-7A66-4CCD-8349-5CA79FD84FB8}.Debug|x64.ActiveCfg = Debug|x64
		{6781C60B-7A66-4CCD-8349-5CA79FD84FB8}.Debug|x64.Build.0 = Debug|x64
		{6781C60B-7A66-4CCD-8349-5CA79FD84FB8}.Debug|x86.ActiveCfg = Debug|Win32
		{6781C60B-7A66-4CCD-8349-5CA79FD84FB8}.Debug|x86.Build.0 = Debug|Win32
		{6781C60B-7A66-4CCD-8349-5CA79FD84FB8}.Release|x64.ActiveCfg = Release|x64
		{6781C60B-7A66-4CCD-8349-5CA79FD84FB8}.Release|x64.Build.0 = Release|x64
		{6781C60B-7A66-4CCD-8349-5CA79FD84FB8}.Release|x86.ActiveCfg = Release|Win32
		{6781C60B-7A66-4CCD-8349-5CA79FD84FB8}.Release|x86.Build.0 = Release|Win32
		{17B8C90C-58A2-4FA7-95DC-70C154FAC5DB}.Debug|x64.ActiveCfg = Debug|x64
		{17B8C90C-58A2-4FA7-95DC-70C154FAC5DB}.Debug|x64.Build.0 = Debug|x64
		{17B8C90C-58A2-4FA7-95DC-70C154FAC5DB}.Debug|x86.ActiveCfg = Debug|Win32
		{17B8C90C-58A2-4FA7-95DC-70C154FAC5DB}.Debug|x86.Build.0 = Debug|Win32
		{17B8C90C-58A2-4FA7-95DC-70C154FAC5DB}.Release|x64.ActiveCfg = Release|x64
		{17B8C90C-58A2-4FA7-95DC-70C154FAC5DB}.Release|x64.Build.0 = Release|x64
		{17B8C90C-58A2-4FA7-95DC-70C154FAC5DB}.Release|x86.ActiveCfg = Release|Win32
		{17B8C90C-58A2-4FA7-95DC-70C154FAC5DB}.Release|x86.Build.0 = Release|Win32
		{1E0404BD-1403-4124-95FF-5EE77EF29576}.Debug|x64.ActiveCfg = Debug|x64
		{1E0404BD-1403-4124-95FF-5EE77EF29576}.Debug|x64.Build.0 = Debug|x64
		{1E0404BD-1403-4124-95FF-5EE77EF29576}.Debug|x86.ActiveCfg = Debug|Win32
		{1E0404BD-1403-4124-95FF-5EE77EF29576}.Debug|x86.Build.0 = Debug|Win32
		{1E0404BD-1403-4124-95FF-5EE77EF29576}.Release|x64.ActiveCfg = Release|x64
		{1E0404BD-1403-4124-95FF-5EE77EF29576}.Release|x64.Build.0 = Release|x64
		{1E0404BD-1403-4124-95FF-5EE77EF29576}.Release|x86.ActiveCfg = Release|Win32
		{1E0404BD-1403-4124-95FF-5EE77EF29576}.Release|x86.Build.0 = Release|Win32
		{9616645A-9470-42BA-9076-2F029CEB96B5}.Debug|x64.ActiveCfg = Debug|x64
		{9616645A-9470-42BA-9076-2F029CEB96B5}.Debug|x64.Build.0 = Debug|x64
		{9616645A-9470-42BA-9076-2F029CEB96B5}.Debug|x86.ActiveCfg = Debug|Win32
		{9616645A-9470-42BA-9076-2F029CEB96B5}.Debug|x86.Build.0 = Debug|Win32
		{9616645A-9470-42BA-9076-2F029CEB96B5}.Release|x64.ActiveCfg = Release|x64
		{9616645A-9470-42BA-9076-2F029CEB96B5}.Release|x64.Build.0 = Release|x64
		{9616645A-9470-42BA-9076-2F029CEB96B5}.Release|x86.ActiveCfg = Release|Win32
		{9616645A-9470-42BA-9076-2F029CEB96B5}.Release|x86.Build.0 = Release|Win32
		{8C8C5EB0-B2E6-4DE9-BD0A-172CBBA9EAED}.Debug|x64.ActiveCfg = Debug|x64
		{8C8C5EB0-B2E6-4DE9-BD0A-172CBBA9EAED}.Debug|x64.Build.0 = Debug|x64
		{8C8C5EB0-B2E6-4DE9-BD0A-172CBBA9EAED}.Debug|x86.ActiveCfg = Debug|Win32
		{8C8C5EB0-B2E6-4DE9-BD0A-172CBBA9EAED}.Debug|x86.Build.0 = Debug|Win32
		{8C8C5EB0-B2E6-4DE9-BD0A-172CBBA9EAED}.Release|x64.ActiveCfg = Release|x64
		{8C8C5EB0-B2E6-4DE9-BD0A-172CBBA9EAED}.Release|x64.Build.0 = Release|x64
		{8C8C5EB0-B2E6-4DE9-BD0A-172CBBA9EAED}.Release|x86.ActiveCfg = Release|Win32
		{8C8C5EB0-B2E6-4DE9-BD0A-172CBBA9EAED}.Release|x86.Build.0 = Release|Win32
		{32FF2DD5-1FA6-408C-87FD-D7C2E5CD8FAE}.Debug|x64.ActiveCfg = Debug|x64
		{32FF2DD5-1FA6-408C-87FD-D7C2E5CD8FAE}.Debug|x64.Build.0 = Debug|x64
		{32FF2DD5-1FA6-408C-87FD-D7C2E5CD8FAE}.Debug|x86.ActiveCfg = Debug|Win32
		{32FF2DD5-1FA6-408C-87FD-D7C2E5CD8FAE}.Debug|x86.Build.0 = Debug|Win32
		{32FF2DD5-1FA6-408C-87FD-D7C2E5CD8FAE}.Release|x64.ActiveCfg = Release|x64
		{32FF2DD5-1FA6-408C-87FD-D7C2E5CD8FAE}.Release|x64.Build.0 = Release|x64
		{32FF2DD5-1FA6-408C-87FD-D7C2E5CD8FAE}.Release|x86.ActiveCfg = Release|Win32
		{32FF2DD5-1FA6-408C-87FD-D7C2E5CD8FAE}.Release|x86.Build.0 = Release|Win32
		{0D8B5440-ED3C-4E50-A4F3-3BD7B6347926}.Debug|x64.ActiveCfg = Debug|x64
		{0D8B5440-ED3C-4E50-A4F3-3BD7B6347926}.Debug|x64.Build.0 = Debug|x64
		{0D8B5440-ED3C-4E50-A4F3-3BD7B6347926}.Debug|x86.ActiveCfg = Debug|Win32
		{0D8B5440-ED3C-4E50-A4F3-3BD7B6347926}.Debug|x86.Build.0 = Debug|Win32
		{0D8B5440-ED3C-4E50-A4F3-3BD7B6347926}.Release|x64.ActiveCfg = Release|x64
		{0D8B5440-ED3C-4E50-A4F3-3BD7B6347926}.Release|x64.Build.0 = Release|x64
		{0D8B5440-ED3C-4E50-A4F3-3BD7B6347926}.Release|x86.ActiveCfg = Release|Win32
		{0D8B5440-ED3C-4E50-A4F3-3BD7B6347926}.Release|x86.Build.0 = Release|Win32
	EndGlobalSection
	GlobalSection(SolutionProperties) = preSolution
		HideSolutionNode = FALSE
	EndGlobalSection
	GlobalSection(NestedProjects) = preSolution
		{DEA49362-B428-4215-8D64-4EA0B4FF0858} = {EA8035D8-0564-487B-9568-FBFE9B87BF75}
		{6781C60B-7A66-4CCD-8349-5CA79FD84FB8} = {EA8035D8-0564-487B-9568-FBFE9B87BF75}
		{17B8C90C-58A2-4FA7-95DC-70C154FAC5DB} = {EA8035D8-0564-487B-9568-FBFE9B87BF75}
		{9616645A-9470-42BA-9076-2F029CEB96B5} = {EA8035D8-0564-487B-9568-FBFE9B87BF75}
		{8C8C5EB0-B2E6-4DE9-BD0A-172CBBA9EAED} = {EA8035D8-0564-487B-9568-FBFE9B87BF75}
		{32FF2DD5-1FA6-408C-87FD-D7C2E5CD8FAE} = {EA8035D8-0564-487B-9568-FBFE9B87BF75}
		{0D8B5440-ED3C-4E50-A4F3-3BD7B6347926} = {EA8035D8-0564-487B-9568-FBFE9B87BF75}
	EndGlobalSection
	GlobalSection(ExtensibilityGlobals) = postSolution
		SolutionGuid = {D0983E7D-83D3-4633-9FFB-ACAFF9765179}
	EndGlobalSection
EndGlobal
