
Microsoft Visual Studio Solution File, Format Version 12.00
# Visual Studio 15
VisualStudioVersion = 15.0.28307.106
MinimumVisualStudioVersion = 10.0.40219.1
Project("{8BC9CEB8-8B4A-11D0-8D11-00A0C91BC942}") = "Bootstrap", "bootstrap\Bootstrap.vcxproj", "{AF59BB0B-E059-4773-83DC-728A949647DA}"
EndProject
Project("{8BC9CEB8-8B4A-11D0-8D11-00A0C91BC942}") = "Project2D", "Project2D\Project2D.vcxproj", "{3F428D0C-1CC8-47C3-818A-A3C2972C74C9}"
	ProjectSection(ProjectDependencies) = postProject
		{AF59BB0B-E059-4773-83DC-728A949647DA} = {AF59BB0B-E059-4773-83DC-728A949647DA}
	EndProjectSection
EndProject
Project("{8BC9CEB8-8B4A-11D0-8D11-00A0C91BC942}") = "Project3D", "Project3D\Project3D.vcxproj", "{EA21C4DF-E331-4FCF-8513-14A3F56B77F3}"
	ProjectSection(ProjectDependencies) = postProject
		{AF59BB0B-E059-4773-83DC-728A949647DA} = {AF59BB0B-E059-4773-83DC-728A949647DA}
	EndProjectSection
EndProject
Project("{8BC9CEB8-8B4A-11D0-8D11-00A0C91BC942}") = "BinaryTree", "BinaryTree\BinaryTree.vcxproj", "{DEA49362-B428-4215-8D64-4EA0B4FF0858}"
EndProject
Project("{8BC9CEB8-8B4A-11D0-8D11-00A0C91BC942}") = "DemoProj", "DemoProj\DemoProj.vcxproj", "{37A90508-3A36-4D8F-9AC9-8E59DC56CCBF}"
EndProject
Project("{8BC9CEB8-8B4A-11D0-8D11-00A0C91BC942}") = "Deque", "Deque\Deque.vcxproj", "{0D8B5440-ED3C-4E50-A4F3-3BD7B6347926}"
EndProject
Project("{8BC9CEB8-8B4A-11D0-8D11-00A0C91BC942}") = "DynamicArray", "DynamicArray\DynamicArray.vcxproj", "{6781C60B-7A66-4CCD-8349-5CA79FD84FB8}"
EndProject
Project("{8BC9CEB8-8B4A-11D0-8D11-00A0C91BC942}") = "Hashing", "Hashing\Hashing.vcxproj", "{9616645A-9470-42BA-9076-2F029CEB96B5}"
EndProject
Project("{8BC9CEB8-8B4A-11D0-8D11-00A0C91BC942}") = "LinkedList", "LinkedList\LinkedList.vcxproj", "{17B8C90C-58A2-4FA7-95DC-70C154FAC5DB}"
EndProject
Project("{8BC9CEB8-8B4A-11D0-8D11-00A0C91BC942}") = "MemoryGame", "MemoryGame\MemoryGame.vcxproj", "{1E0404BD-1403-4124-95FF-5EE77EF29576}"
EndProject
Project("{8BC9CEB8-8B4A-11D0-8D11-00A0C91BC942}") = "Queue", "Queue\Queue.vcxproj", "{8C8C5EB0-B2E6-4DE9-BD0A-172CBBA9EAED}"
EndProject
Project("{8BC9CEB8-8B4A-11D0-8D11-00A0C91BC942}") = "Stack", "Stack\Stack.vcxproj", "{32FF2DD5-1FA6-408C-87FD-D7C2E5CD8FAE}"
EndProject
Project("{8BC9CEB8-8B4A-11D0-8D11-00A0C91BC942}") = "AppCollection", "AppCollection\AppCollection.vcxproj", "{F3324B78-C12B-4B8F-B25C-B570891DE44F}"
EndProject
Project("{8BC9CEB8-8B4A-11D0-8D11-00A0C91BC942}") = "MathLibraryDLL", "MathLibraryDLL\MathLibraryDLL.vcxproj", "{BBF8F57E-D584-4F7B-82FD-8CD15FC8EF2B}"
EndProject
Project("{8BC9CEB8-8B4A-11D0-8D11-00A0C91BC942}") = "MathsLibrarySLL", "MathsLibrarySLL\MathsLibrarySLL.vcxproj", "{72C4E18C-A2EC-4E97-ABFE-ACBA363219CD}"
EndProject
Project("{2150E333-8FDC-42A3-9474-1A3956D46DE8}") = "Semester 1", "Semester 1", "{0115902F-FA9A-4E60-B6C6-736F05565F1E}"
EndProject
Project("{2150E333-8FDC-42A3-9474-1A3956D46DE8}") = "Semester 2", "Semester 2", "{9EB97F26-A830-482F-965B-8E096F53D922}"
EndProject
Project("{2150E333-8FDC-42A3-9474-1A3956D46DE8}") = "Assignment", "Assignment", "{5F0871E4-9F27-40F3-9273-8A16A12A2635}"
EndProject
Project("{8BC9CEB8-8B4A-11D0-8D11-00A0C91BC942}") = "AIProject", "AIProject\AIProject.vcxproj", "{AE97C491-3C66-46C5-AFA2-C9FC51B2A260}"
EndProject
Project("{8BC9CEB8-8B4A-11D0-8D11-00A0C91BC942}") = "NavMesh", "NavMesh\NavMesh.vcxproj", "{96384694-E039-42E9-97CD-B16E05FC3FA8}"
EndProject
Project("{8BC9CEB8-8B4A-11D0-8D11-00A0C91BC942}") = "SteeringBehaviour", "SteeringBehaviour\SteeringBehaviour.vcxproj", "{13899D5E-310A-4D2F-8F56-F63AE6AFEFC5}"
EndProject
Project("{8BC9CEB8-8B4A-11D0-8D11-00A0C91BC942}") = "DecisionBehaviour", "DecisionBehaviour\DecisionBehaviour.vcxproj", "{7AC18B29-F5F6-4403-BD3F-EBEB9CBD7CC5}"
EndProject
Global
	GlobalSection(SolutionConfigurationPlatforms) = preSolution
		Debug|x64 = Debug|x64
		Debug|x86 = Debug|x86
		Release|x64 = Release|x64
		Release|x86 = Release|x86
	EndGlobalSection
	GlobalSection(ProjectConfigurationPlatforms) = postSolution
		{AF59BB0B-E059-4773-83DC-728A949647DA}.Debug|x64.ActiveCfg = Debug|x64
		{AF59BB0B-E059-4773-83DC-728A949647DA}.Debug|x64.Build.0 = Debug|x64
		{AF59BB0B-E059-4773-83DC-728A949647DA}.Debug|x86.ActiveCfg = Debug|Win32
		{AF59BB0B-E059-4773-83DC-728A949647DA}.Debug|x86.Build.0 = Debug|Win32
		{AF59BB0B-E059-4773-83DC-728A949647DA}.Release|x64.ActiveCfg = Release|x64
		{AF59BB0B-E059-4773-83DC-728A949647DA}.Release|x64.Build.0 = Release|x64
		{AF59BB0B-E059-4773-83DC-728A949647DA}.Release|x86.ActiveCfg = Release|Win32
		{AF59BB0B-E059-4773-83DC-728A949647DA}.Release|x86.Build.0 = Release|Win32
		{3F428D0C-1CC8-47C3-818A-A3C2972C74C9}.Debug|x64.ActiveCfg = Debug|x64
		{3F428D0C-1CC8-47C3-818A-A3C2972C74C9}.Debug|x86.ActiveCfg = Debug|Win32
		{3F428D0C-1CC8-47C3-818A-A3C2972C74C9}.Debug|x86.Build.0 = Debug|Win32
		{3F428D0C-1CC8-47C3-818A-A3C2972C74C9}.Release|x64.ActiveCfg = Release|x64
		{3F428D0C-1CC8-47C3-818A-A3C2972C74C9}.Release|x86.ActiveCfg = Release|Win32
		{3F428D0C-1CC8-47C3-818A-A3C2972C74C9}.Release|x86.Build.0 = Release|Win32
		{EA21C4DF-E331-4FCF-8513-14A3F56B77F3}.Debug|x64.ActiveCfg = Debug|x64
		{EA21C4DF-E331-4FCF-8513-14A3F56B77F3}.Debug|x86.ActiveCfg = Debug|Win32
		{EA21C4DF-E331-4FCF-8513-14A3F56B77F3}.Debug|x86.Build.0 = Debug|Win32
		{EA21C4DF-E331-4FCF-8513-14A3F56B77F3}.Release|x64.ActiveCfg = Release|x64
		{EA21C4DF-E331-4FCF-8513-14A3F56B77F3}.Release|x86.ActiveCfg = Release|Win32
		{EA21C4DF-E331-4FCF-8513-14A3F56B77F3}.Release|x86.Build.0 = Release|Win32
		{DEA49362-B428-4215-8D64-4EA0B4FF0858}.Debug|x64.ActiveCfg = Debug|x64
		{DEA49362-B428-4215-8D64-4EA0B4FF0858}.Debug|x86.ActiveCfg = Debug|Win32
		{DEA49362-B428-4215-8D64-4EA0B4FF0858}.Debug|x86.Build.0 = Debug|Win32
		{DEA49362-B428-4215-8D64-4EA0B4FF0858}.Release|x64.ActiveCfg = Release|x64
		{DEA49362-B428-4215-8D64-4EA0B4FF0858}.Release|x86.ActiveCfg = Release|Win32
		{DEA49362-B428-4215-8D64-4EA0B4FF0858}.Release|x86.Build.0 = Release|Win32
		{37A90508-3A36-4D8F-9AC9-8E59DC56CCBF}.Debug|x64.ActiveCfg = Debug|x64
		{37A90508-3A36-4D8F-9AC9-8E59DC56CCBF}.Debug|x86.ActiveCfg = Debug|Win32
		{37A90508-3A36-4D8F-9AC9-8E59DC56CCBF}.Debug|x86.Build.0 = Debug|Win32
		{37A90508-3A36-4D8F-9AC9-8E59DC56CCBF}.Release|x64.ActiveCfg = Release|x64
		{37A90508-3A36-4D8F-9AC9-8E59DC56CCBF}.Release|x86.ActiveCfg = Release|Win32
		{37A90508-3A36-4D8F-9AC9-8E59DC56CCBF}.Release|x86.Build.0 = Release|Win32
		{0D8B5440-ED3C-4E50-A4F3-3BD7B6347926}.Debug|x64.ActiveCfg = Debug|x64
		{0D8B5440-ED3C-4E50-A4F3-3BD7B6347926}.Debug|x86.ActiveCfg = Debug|Win32
		{0D8B5440-ED3C-4E50-A4F3-3BD7B6347926}.Debug|x86.Build.0 = Debug|Win32
		{0D8B5440-ED3C-4E50-A4F3-3BD7B6347926}.Release|x64.ActiveCfg = Release|x64
		{0D8B5440-ED3C-4E50-A4F3-3BD7B6347926}.Release|x86.ActiveCfg = Release|Win32
		{0D8B5440-ED3C-4E50-A4F3-3BD7B6347926}.Release|x86.Build.0 = Release|Win32
		{6781C60B-7A66-4CCD-8349-5CA79FD84FB8}.Debug|x64.ActiveCfg = Debug|x64
		{6781C60B-7A66-4CCD-8349-5CA79FD84FB8}.Debug|x86.ActiveCfg = Debug|Win32
		{6781C60B-7A66-4CCD-8349-5CA79FD84FB8}.Debug|x86.Build.0 = Debug|Win32
		{6781C60B-7A66-4CCD-8349-5CA79FD84FB8}.Release|x64.ActiveCfg = Release|x64
		{6781C60B-7A66-4CCD-8349-5CA79FD84FB8}.Release|x86.ActiveCfg = Release|Win32
		{6781C60B-7A66-4CCD-8349-5CA79FD84FB8}.Release|x86.Build.0 = Release|Win32
		{9616645A-9470-42BA-9076-2F029CEB96B5}.Debug|x64.ActiveCfg = Debug|x64
		{9616645A-9470-42BA-9076-2F029CEB96B5}.Debug|x86.ActiveCfg = Debug|Win32
		{9616645A-9470-42BA-9076-2F029CEB96B5}.Debug|x86.Build.0 = Debug|Win32
		{9616645A-9470-42BA-9076-2F029CEB96B5}.Release|x64.ActiveCfg = Release|x64
		{9616645A-9470-42BA-9076-2F029CEB96B5}.Release|x86.ActiveCfg = Release|Win32
		{9616645A-9470-42BA-9076-2F029CEB96B5}.Release|x86.Build.0 = Release|Win32
		{17B8C90C-58A2-4FA7-95DC-70C154FAC5DB}.Debug|x64.ActiveCfg = Debug|x64
		{17B8C90C-58A2-4FA7-95DC-70C154FAC5DB}.Debug|x86.ActiveCfg = Debug|Win32
		{17B8C90C-58A2-4FA7-95DC-70C154FAC5DB}.Debug|x86.Build.0 = Debug|Win32
		{17B8C90C-58A2-4FA7-95DC-70C154FAC5DB}.Release|x64.ActiveCfg = Release|x64
		{17B8C90C-58A2-4FA7-95DC-70C154FAC5DB}.Release|x86.ActiveCfg = Release|Win32
		{17B8C90C-58A2-4FA7-95DC-70C154FAC5DB}.Release|x86.Build.0 = Release|Win32
		{1E0404BD-1403-4124-95FF-5EE77EF29576}.Debug|x64.ActiveCfg = Debug|x64
		{1E0404BD-1403-4124-95FF-5EE77EF29576}.Debug|x86.ActiveCfg = Debug|Win32
		{1E0404BD-1403-4124-95FF-5EE77EF29576}.Debug|x86.Build.0 = Debug|Win32
		{1E0404BD-1403-4124-95FF-5EE77EF29576}.Release|x64.ActiveCfg = Release|x64
		{1E0404BD-1403-4124-95FF-5EE77EF29576}.Release|x86.ActiveCfg = Release|Win32
		{1E0404BD-1403-4124-95FF-5EE77EF29576}.Release|x86.Build.0 = Release|Win32
		{8C8C5EB0-B2E6-4DE9-BD0A-172CBBA9EAED}.Debug|x64.ActiveCfg = Debug|x64
		{8C8C5EB0-B2E6-4DE9-BD0A-172CBBA9EAED}.Debug|x86.ActiveCfg = Debug|Win32
		{8C8C5EB0-B2E6-4DE9-BD0A-172CBBA9EAED}.Debug|x86.Build.0 = Debug|Win32
		{8C8C5EB0-B2E6-4DE9-BD0A-172CBBA9EAED}.Release|x64.ActiveCfg = Release|x64
		{8C8C5EB0-B2E6-4DE9-BD0A-172CBBA9EAED}.Release|x86.ActiveCfg = Release|Win32
		{8C8C5EB0-B2E6-4DE9-BD0A-172CBBA9EAED}.Release|x86.Build.0 = Release|Win32
		{32FF2DD5-1FA6-408C-87FD-D7C2E5CD8FAE}.Debug|x64.ActiveCfg = Debug|x64
		{32FF2DD5-1FA6-408C-87FD-D7C2E5CD8FAE}.Debug|x86.ActiveCfg = Debug|Win32
		{32FF2DD5-1FA6-408C-87FD-D7C2E5CD8FAE}.Debug|x86.Build.0 = Debug|Win32
		{32FF2DD5-1FA6-408C-87FD-D7C2E5CD8FAE}.Release|x64.ActiveCfg = Release|x64
		{32FF2DD5-1FA6-408C-87FD-D7C2E5CD8FAE}.Release|x86.ActiveCfg = Release|Win32
		{32FF2DD5-1FA6-408C-87FD-D7C2E5CD8FAE}.Release|x86.Build.0 = Release|Win32
		{F3324B78-C12B-4B8F-B25C-B570891DE44F}.Debug|x64.ActiveCfg = Debug|x64
		{F3324B78-C12B-4B8F-B25C-B570891DE44F}.Debug|x86.ActiveCfg = Debug|Win32
		{F3324B78-C12B-4B8F-B25C-B570891DE44F}.Debug|x86.Build.0 = Debug|Win32
		{F3324B78-C12B-4B8F-B25C-B570891DE44F}.Release|x64.ActiveCfg = Release|x64
		{F3324B78-C12B-4B8F-B25C-B570891DE44F}.Release|x86.ActiveCfg = Release|Win32
		{F3324B78-C12B-4B8F-B25C-B570891DE44F}.Release|x86.Build.0 = Release|Win32
		{BBF8F57E-D584-4F7B-82FD-8CD15FC8EF2B}.Debug|x64.ActiveCfg = Debug|x64
		{BBF8F57E-D584-4F7B-82FD-8CD15FC8EF2B}.Debug|x86.ActiveCfg = Debug|Win32
		{BBF8F57E-D584-4F7B-82FD-8CD15FC8EF2B}.Debug|x86.Build.0 = Debug|Win32
		{BBF8F57E-D584-4F7B-82FD-8CD15FC8EF2B}.Release|x64.ActiveCfg = Release|x64
		{BBF8F57E-D584-4F7B-82FD-8CD15FC8EF2B}.Release|x86.ActiveCfg = Release|Win32
		{BBF8F57E-D584-4F7B-82FD-8CD15FC8EF2B}.Release|x86.Build.0 = Release|Win32
		{72C4E18C-A2EC-4E97-ABFE-ACBA363219CD}.Debug|x64.ActiveCfg = Debug|x64
		{72C4E18C-A2EC-4E97-ABFE-ACBA363219CD}.Debug|x64.Build.0 = Debug|x64
		{72C4E18C-A2EC-4E97-ABFE-ACBA363219CD}.Debug|x86.ActiveCfg = Debug|Win32
		{72C4E18C-A2EC-4E97-ABFE-ACBA363219CD}.Debug|x86.Build.0 = Debug|Win32
		{72C4E18C-A2EC-4E97-ABFE-ACBA363219CD}.Release|x64.ActiveCfg = Release|x64
		{72C4E18C-A2EC-4E97-ABFE-ACBA363219CD}.Release|x64.Build.0 = Release|x64
		{72C4E18C-A2EC-4E97-ABFE-ACBA363219CD}.Release|x86.ActiveCfg = Release|Win32
		{72C4E18C-A2EC-4E97-ABFE-ACBA363219CD}.Release|x86.Build.0 = Release|Win32
		{AE97C491-3C66-46C5-AFA2-C9FC51B2A260}.Debug|x64.ActiveCfg = Debug|x64
		{AE97C491-3C66-46C5-AFA2-C9FC51B2A260}.Debug|x86.ActiveCfg = Debug|Win32
		{AE97C491-3C66-46C5-AFA2-C9FC51B2A260}.Debug|x86.Build.0 = Debug|Win32
		{AE97C491-3C66-46C5-AFA2-C9FC51B2A260}.Release|x64.ActiveCfg = Release|x64
		{AE97C491-3C66-46C5-AFA2-C9FC51B2A260}.Release|x86.ActiveCfg = Release|Win32
		{AE97C491-3C66-46C5-AFA2-C9FC51B2A260}.Release|x86.Build.0 = Release|Win32
		{96384694-E039-42E9-97CD-B16E05FC3FA8}.Debug|x64.ActiveCfg = Debug|x64
		{96384694-E039-42E9-97CD-B16E05FC3FA8}.Debug|x64.Build.0 = Debug|x64
		{96384694-E039-42E9-97CD-B16E05FC3FA8}.Debug|x86.ActiveCfg = Debug|Win32
		{96384694-E039-42E9-97CD-B16E05FC3FA8}.Debug|x86.Build.0 = Debug|Win32
		{96384694-E039-42E9-97CD-B16E05FC3FA8}.Release|x64.ActiveCfg = Release|x64
		{96384694-E039-42E9-97CD-B16E05FC3FA8}.Release|x64.Build.0 = Release|x64
		{96384694-E039-42E9-97CD-B16E05FC3FA8}.Release|x86.ActiveCfg = Release|Win32
		{96384694-E039-42E9-97CD-B16E05FC3FA8}.Release|x86.Build.0 = Release|Win32
		{13899D5E-310A-4D2F-8F56-F63AE6AFEFC5}.Debug|x64.ActiveCfg = Debug|x64
		{13899D5E-310A-4D2F-8F56-F63AE6AFEFC5}.Debug|x64.Build.0 = Debug|x64
		{13899D5E-310A-4D2F-8F56-F63AE6AFEFC5}.Debug|x86.ActiveCfg = Debug|Win32
		{13899D5E-310A-4D2F-8F56-F63AE6AFEFC5}.Debug|x86.Build.0 = Debug|Win32
		{13899D5E-310A-4D2F-8F56-F63AE6AFEFC5}.Release|x64.ActiveCfg = Release|x64
		{13899D5E-310A-4D2F-8F56-F63AE6AFEFC5}.Release|x64.Build.0 = Release|x64
		{13899D5E-310A-4D2F-8F56-F63AE6AFEFC5}.Release|x86.ActiveCfg = Release|Win32
		{13899D5E-310A-4D2F-8F56-F63AE6AFEFC5}.Release|x86.Build.0 = Release|Win32
		{7AC18B29-F5F6-4403-BD3F-EBEB9CBD7CC5}.Debug|x64.ActiveCfg = Debug|x64
		{7AC18B29-F5F6-4403-BD3F-EBEB9CBD7CC5}.Debug|x64.Build.0 = Debug|x64
		{7AC18B29-F5F6-4403-BD3F-EBEB9CBD7CC5}.Debug|x86.ActiveCfg = Debug|Win32
		{7AC18B29-F5F6-4403-BD3F-EBEB9CBD7CC5}.Debug|x86.Build.0 = Debug|Win32
		{7AC18B29-F5F6-4403-BD3F-EBEB9CBD7CC5}.Release|x64.ActiveCfg = Release|x64
		{7AC18B29-F5F6-4403-BD3F-EBEB9CBD7CC5}.Release|x64.Build.0 = Release|x64
		{7AC18B29-F5F6-4403-BD3F-EBEB9CBD7CC5}.Release|x86.ActiveCfg = Release|Win32
		{7AC18B29-F5F6-4403-BD3F-EBEB9CBD7CC5}.Release|x86.Build.0 = Release|Win32
	EndGlobalSection
	GlobalSection(SolutionProperties) = preSolution
		HideSolutionNode = FALSE
	EndGlobalSection
	GlobalSection(NestedProjects) = preSolution
		{AF59BB0B-E059-4773-83DC-728A949647DA} = {0115902F-FA9A-4E60-B6C6-736F05565F1E}
		{DEA49362-B428-4215-8D64-4EA0B4FF0858} = {0115902F-FA9A-4E60-B6C6-736F05565F1E}
		{37A90508-3A36-4D8F-9AC9-8E59DC56CCBF} = {0115902F-FA9A-4E60-B6C6-736F05565F1E}
		{0D8B5440-ED3C-4E50-A4F3-3BD7B6347926} = {0115902F-FA9A-4E60-B6C6-736F05565F1E}
		{6781C60B-7A66-4CCD-8349-5CA79FD84FB8} = {0115902F-FA9A-4E60-B6C6-736F05565F1E}
		{9616645A-9470-42BA-9076-2F029CEB96B5} = {0115902F-FA9A-4E60-B6C6-736F05565F1E}
		{17B8C90C-58A2-4FA7-95DC-70C154FAC5DB} = {0115902F-FA9A-4E60-B6C6-736F05565F1E}
		{1E0404BD-1403-4124-95FF-5EE77EF29576} = {0115902F-FA9A-4E60-B6C6-736F05565F1E}
		{8C8C5EB0-B2E6-4DE9-BD0A-172CBBA9EAED} = {0115902F-FA9A-4E60-B6C6-736F05565F1E}
		{32FF2DD5-1FA6-408C-87FD-D7C2E5CD8FAE} = {0115902F-FA9A-4E60-B6C6-736F05565F1E}
		{F3324B78-C12B-4B8F-B25C-B570891DE44F} = {0115902F-FA9A-4E60-B6C6-736F05565F1E}
		{BBF8F57E-D584-4F7B-82FD-8CD15FC8EF2B} = {0115902F-FA9A-4E60-B6C6-736F05565F1E}
		{72C4E18C-A2EC-4E97-ABFE-ACBA363219CD} = {0115902F-FA9A-4E60-B6C6-736F05565F1E}
		{5F0871E4-9F27-40F3-9273-8A16A12A2635} = {9EB97F26-A830-482F-965B-8E096F53D922}
		{AE97C491-3C66-46C5-AFA2-C9FC51B2A260} = {9EB97F26-A830-482F-965B-8E096F53D922}
		{96384694-E039-42E9-97CD-B16E05FC3FA8} = {5F0871E4-9F27-40F3-9273-8A16A12A2635}
		{13899D5E-310A-4D2F-8F56-F63AE6AFEFC5} = {5F0871E4-9F27-40F3-9273-8A16A12A2635}
		{7AC18B29-F5F6-4403-BD3F-EBEB9CBD7CC5} = {5F0871E4-9F27-40F3-9273-8A16A12A2635}
	EndGlobalSection
	GlobalSection(ExtensibilityGlobals) = postSolution
		SolutionGuid = {34C2FD02-D75A-433C-A80D-D3E8267C77FD}
	EndGlobalSection
EndGlobal
